
Microsoft Visual Studio Solution File, Format Version 12.00
# Visual Studio Version 17
VisualStudioVersion = 17.6.33801.468
MinimumVisualStudioVersion = 10.0.40219.1
Project("{FAE04EC0-301F-11D3-BF4B-00C04F79EFBC}") = "FilmeAPI", "FilmeAPI\FilmeAPI.csproj", "{046E8EDB-B8D3-4A96-9063-D677DE0DC555}"
EndProject
Global
	GlobalSection(SolutionConfigurationPlatforms) = preSolution
		Debug|Any CPU = Debug|Any CPU
		Release|Any CPU = Release|Any CPU
	EndGlobalSection
	GlobalSection(ProjectConfigurationPlatforms) = postSolution
		{046E8EDB-B8D3-4A96-9063-D677DE0DC555}.Debug|Any CPU.ActiveCfg = Debug|Any CPU
		{046E8EDB-B8D3-4A96-9063-D677DE0DC555}.Debug|Any CPU.Build.0 = Debug|Any CPU
		{046E8EDB-B8D3-4A96-9063-D677DE0DC555}.Release|Any CPU.ActiveCfg = Release|Any CPU
		{046E8EDB-B8D3-4A96-9063-D677DE0DC555}.Release|Any CPU.Build.0 = Release|Any CPU
	EndGlobalSection
	GlobalSection(SolutionProperties) = preSolution
		HideSolutionNode = FALSE
	EndGlobalSection
	GlobalSection(ExtensibilityGlobals) = postSolution
		SolutionGuid = {486AD5FB-A82C-4CF4-AC35-10E7336F52FA}
	EndGlobalSection
EndGlobal
